{
  "requires": true,
  "lockfileVersion": 1,
  "dependencies": {
    "vertx3-full": {
      "version": "3.9.4",
      "resolved": "https://registry.npmjs.org/vertx3-full/-/vertx3-full-3.9.4.tgz",
      "integrity": "sha512-E9/tfhb+FvHDEL9z/BmNYzfL4Yf+g5nqoZBcCS3DFXGmM/a33SFu45TimEq10ttM48DLDklVf0ju3U9imthnJg=="
    }
  }
}
